
Microsoft Visual Studio Solution File, Format Version 12.00
# Visual Studio Version 17
VisualStudioVersion = 17.8.34330.188
MinimumVisualStudioVersion = 10.0.40219.1
Project("{FAE04EC0-301F-11D3-BF4B-00C04F79EFBC}") = "NoEXIF", "NoEXIF.csproj", "{CA297CE3-F7D9-4639-9CE4-27391355A268}"
EndProject
Global
	GlobalSection(SolutionConfigurationPlatforms) = preSolution
		Debug|Any CPU = Debug|Any CPU
		Release|Any CPU = Release|Any CPU
	EndGlobalSection
	GlobalSection(ProjectConfigurationPlatforms) = postSolution
		{CA297CE3-F7D9-4639-9CE4-27391355A268}.Debug|Any CPU.ActiveCfg = Debug|Any CPU
		{CA297CE3-F7D9-4639-9CE4-27391355A268}.Debug|Any CPU.Build.0 = Debug|Any CPU
		{CA297CE3-F7D9-4639-9CE4-27391355A268}.Release|Any CPU.ActiveCfg = Release|Any CPU
		{CA297CE3-F7D9-4639-9CE4-27391355A268}.Release|Any CPU.Build.0 = Release|Any CPU
	EndGlobalSection
	GlobalSection(SolutionProperties) = preSolution
		HideSolutionNode = FALSE
	EndGlobalSection
	GlobalSection(ExtensibilityGlobals) = postSolution
		SolutionGuid = {A1591758-3479-4033-B5AA-90DFD40C0946}
	EndGlobalSection
EndGlobal
